<?xml version="1.0" encoding="utf-8"?>
<Project ToolsVersion="4.0" xmlns="http://schemas.microsoft.com/developer/msbuild/2003">
  <ItemGroup>
    <ClCompile Include="src\Camera.cpp" />
    <ClCompile Include="src\DirectionalLight.cpp" />
    <ClCompile Include="src\Light.cpp" />
    <ClCompile Include="src\LightManager.cpp" />
    <ClCompile Include="src\Main.cpp" />
    <ClCompile Include="src\Math\Matrix4.cpp" />
    <ClCompile Include="src\Math\Quaternion.cpp" />
    <ClCompile Include="src\Math\Vector2.cpp" />
    <ClCompile Include="src\Math\Vector3.cpp" />
    <ClCompile Include="src\Math\Vector4.cpp" />
    <ClCompile Include="src\Mesh.cpp" />
    <ClCompile Include="src\Object.cpp" />
    <ClCompile Include="src\PointLight.cpp" />
    <ClCompile Include="src\Shader.cpp" />
    <ClCompile Include="src\SpotLight.cpp" />
    <ClCompile Include="src\Texture.cpp" />
    <ClCompile Include="src\Transform.cpp" />
    <ClCompile Include="src\UniformHandler.cpp" />
    <ClCompile Include="src\Math\Matrix3.cpp" />
  </ItemGroup>
  <ItemGroup>
    <ClInclude Include="src\Camera.h" />
    <ClInclude Include="src\DirectionalLight.h" />
    <ClInclude Include="src\HardCodedMeshes.h" />
    <ClInclude Include="src\Light.h" />
    <ClInclude Include="src\LightManager.h" />
    <ClInclude Include="src\Main.h" />
    <ClInclude Include="src\Math\Math.h" />
    <ClInclude Include="src\Math\Matrix4.h" />
    <ClInclude Include="src\Math\Misc.h" />
    <ClInclude Include="src\Math\Quaternion.h" />
    <ClInclude Include="src\Math\Vector2.h" />
    <ClInclude Include="src\Math\Vector3.h" />
    <ClInclude Include="src\Math\Vector4.h" />
    <ClInclude Include="src\Mesh.h" />
    <ClInclude Include="src\Object.h" />
    <ClInclude Include="src\PointLight.h" />
    <ClInclude Include="src\Shader.h" />
    <ClInclude Include="src\SpotLight.h" />
    <ClInclude Include="src\Texture.h" />
    <ClInclude Include="src\Transform.h" />
    <ClInclude Include="src\UniformHandler.h" />
    <ClInclude Include="src\Math\Matrix3.h" />
  </ItemGroup>
  <ItemGroup>
    <Image Include="resources\Diffuse.png" />
    <Image Include="resources\Jordy.jpg" />
    <Image Include="resources\Specular.png" />
  </ItemGroup>
  <ItemGroup>
    <None Include="src\Shaders\Unlit.shader" />
  </ItemGroup>
</Project>